
Microsoft Visual Studio Solution File, Format Version 12.00
# Visual Studio 2013
VisualStudioVersion = 12.0.30723.0
MinimumVisualStudioVersion = 10.0.40219.1
Project("{FAE04EC0-301F-11D3-BF4B-00C04F79EFBC}") = "HelloWord", "HelloWord\HelloWord.csproj", "{33C7108F-E804-43AE-8C53-4CB0A3A6F254}"
EndProject
Project("{2150E333-8FDC-42A3-9474-1A3956D46DE8}") = "Solution Items", "Solution Items", "{3C7A5230-192F-4711-B36C-115F3999FB3C}"
	ProjectSection(SolutionItems) = preProject
		.gitignore = .gitignore
	EndProjectSection
EndProject
Project("{FAE04EC0-301F-11D3-BF4B-00C04F79EFBC}") = "HelloWord.iOS", "HelloWord.iOS\HelloWord.iOS.csproj", "{E6F3EE20-2014-409A-80BF-B38BB560E8FB}"
EndProject
Project("{FAE04EC0-301F-11D3-BF4B-00C04F79EFBC}") = "HelloWord.Droid", "HelloWord.Droid\HelloWord.Droid.csproj", "{220DAC67-F6F4-4253-A2B2-1B6CCFA6D16E}"
EndProject
Project("{FAE04EC0-301F-11D3-BF4B-00C04F79EFBC}") = "HelloWord.WP", "HelloWord.WP\HelloWord.WP.csproj", "{C3AED394-8CD6-4A72-8E7C-1D6F2CA29FAF}"
EndProject
Global
	GlobalSection(SolutionConfigurationPlatforms) = preSolution
		Ad-Hoc|Any CPU = Ad-Hoc|Any CPU
		Ad-Hoc|ARM = Ad-Hoc|ARM
		Ad-Hoc|iPhone = Ad-Hoc|iPhone
		Ad-Hoc|iPhoneSimulator = Ad-Hoc|iPhoneSimulator
		Ad-Hoc|Mixed Platforms = Ad-Hoc|Mixed Platforms
		Ad-Hoc|x86 = Ad-Hoc|x86
		AppStore|Any CPU = AppStore|Any CPU
		AppStore|ARM = AppStore|ARM
		AppStore|iPhone = AppStore|iPhone
		AppStore|iPhoneSimulator = AppStore|iPhoneSimulator
		AppStore|Mixed Platforms = AppStore|Mixed Platforms
		AppStore|x86 = AppStore|x86
		Debug|Any CPU = Debug|Any CPU
		Debug|ARM = Debug|ARM
		Debug|iPhone = Debug|iPhone
		Debug|iPhoneSimulator = Debug|iPhoneSimulator
		Debug|Mixed Platforms = Debug|Mixed Platforms
		Debug|x86 = Debug|x86
		Release|Any CPU = Release|Any CPU
		Release|ARM = Release|ARM
		Release|iPhone = Release|iPhone
		Release|iPhoneSimulator = Release|iPhoneSimulator
		Release|Mixed Platforms = Release|Mixed Platforms
		Release|x86 = Release|x86
	EndGlobalSection
	GlobalSection(ProjectConfigurationPlatforms) = postSolution
		{33C7108F-E804-43AE-8C53-4CB0A3A6F254}.Ad-Hoc|Any CPU.ActiveCfg = Release|Any CPU
		{33C7108F-E804-43AE-8C53-4CB0A3A6F254}.Ad-Hoc|Any CPU.Build.0 = Release|Any CPU
		{33C7108F-E804-43AE-8C53-4CB0A3A6F254}.Ad-Hoc|ARM.ActiveCfg = Debug|Any CPU
		{33C7108F-E804-43AE-8C53-4CB0A3A6F254}.Ad-Hoc|iPhone.ActiveCfg = Release|Any CPU
		{33C7108F-E804-43AE-8C53-4CB0A3A6F254}.Ad-Hoc|iPhoneSimulator.ActiveCfg = Release|Any CPU
		{33C7108F-E804-43AE-8C53-4CB0A3A6F254}.Ad-Hoc|Mixed Platforms.ActiveCfg = Release|Any CPU
		{33C7108F-E804-43AE-8C53-4CB0A3A6F254}.Ad-Hoc|Mixed Platforms.Build.0 = Release|Any CPU
		{33C7108F-E804-43AE-8C53-4CB0A3A6F254}.Ad-Hoc|x86.ActiveCfg = Debug|Any CPU
		{33C7108F-E804-43AE-8C53-4CB0A3A6F254}.AppStore|Any CPU.ActiveCfg = Release|Any CPU
		{33C7108F-E804-43AE-8C53-4CB0A3A6F254}.AppStore|Any CPU.Build.0 = Release|Any CPU
		{33C7108F-E804-43AE-8C53-4CB0A3A6F254}.AppStore|ARM.ActiveCfg = Debug|Any CPU
		{33C7108F-E804-43AE-8C53-4CB0A3A6F254}.AppStore|iPhone.ActiveCfg = Release|Any CPU
		{33C7108F-E804-43AE-8C53-4CB0A3A6F254}.AppStore|iPhoneSimulator.ActiveCfg = Release|Any CPU
		{33C7108F-E804-43AE-8C53-4CB0A3A6F254}.AppStore|Mixed Platforms.ActiveCfg = Release|Any CPU
		{33C7108F-E804-43AE-8C53-4CB0A3A6F254}.AppStore|Mixed Platforms.Build.0 = Release|Any CPU
		{33C7108F-E804-43AE-8C53-4CB0A3A6F254}.AppStore|x86.ActiveCfg = Debug|Any CPU
		{33C7108F-E804-43AE-8C53-4CB0A3A6F254}.Debug|Any CPU.ActiveCfg = Debug|Any CPU
		{33C7108F-E804-43AE-8C53-4CB0A3A6F254}.Debug|Any CPU.Build.0 = Debug|Any CPU
		{33C7108F-E804-43AE-8C53-4CB0A3A6F254}.Debug|ARM.ActiveCfg = Debug|Any CPU
		{33C7108F-E804-43AE-8C53-4CB0A3A6F254}.Debug|iPhone.ActiveCfg = Debug|Any CPU
		{33C7108F-E804-43AE-8C53-4CB0A3A6F254}.Debug|iPhone.Build.0 = Debug|Any CPU
		{33C7108F-E804-43AE-8C53-4CB0A3A6F254}.Debug|iPhoneSimulator.ActiveCfg = Debug|Any CPU
		{33C7108F-E804-43AE-8C53-4CB0A3A6F254}.Debug|iPhoneSimulator.Build.0 = Debug|Any CPU
		{33C7108F-E804-43AE-8C53-4CB0A3A6F254}.Debug|Mixed Platforms.ActiveCfg = Debug|Any CPU
		{33C7108F-E804-43AE-8C53-4CB0A3A6F254}.Debug|Mixed Platforms.Build.0 = Debug|Any CPU
		{33C7108F-E804-43AE-8C53-4CB0A3A6F254}.Debug|x86.ActiveCfg = Debug|Any CPU
		{33C7108F-E804-43AE-8C53-4CB0A3A6F254}.Release|Any CPU.ActiveCfg = Release|Any CPU
		{33C7108F-E804-43AE-8C53-4CB0A3A6F254}.Release|Any CPU.Build.0 = Release|Any CPU
		{33C7108F-E804-43AE-8C53-4CB0A3A6F254}.Release|ARM.ActiveCfg = Release|Any CPU
		{33C7108F-E804-43AE-8C53-4CB0A3A6F254}.Release|iPhone.ActiveCfg = Release|Any CPU
		{33C7108F-E804-43AE-8C53-4CB0A3A6F254}.Release|iPhoneSimulator.ActiveCfg = Release|Any CPU
		{33C7108F-E804-43AE-8C53-4CB0A3A6F254}.Release|Mixed Platforms.ActiveCfg = Release|Any CPU
		{33C7108F-E804-43AE-8C53-4CB0A3A6F254}.Release|Mixed Platforms.Build.0 = Release|Any CPU
		{33C7108F-E804-43AE-8C53-4CB0A3A6F254}.Release|x86.ActiveCfg = Release|Any CPU
		{E6F3EE20-2014-409A-80BF-B38BB560E8FB}.Ad-Hoc|Any CPU.ActiveCfg = Ad-Hoc|iPhone
		{E6F3EE20-2014-409A-80BF-B38BB560E8FB}.Ad-Hoc|ARM.ActiveCfg = Ad-Hoc|iPhone
		{E6F3EE20-2014-409A-80BF-B38BB560E8FB}.Ad-Hoc|iPhone.ActiveCfg = Ad-Hoc|iPhone
		{E6F3EE20-2014-409A-80BF-B38BB560E8FB}.Ad-Hoc|iPhone.Build.0 = Ad-Hoc|iPhone
		{E6F3EE20-2014-409A-80BF-B38BB560E8FB}.Ad-Hoc|iPhoneSimulator.ActiveCfg = Ad-Hoc|iPhoneSimulator
		{E6F3EE20-2014-409A-80BF-B38BB560E8FB}.Ad-Hoc|iPhoneSimulator.Build.0 = Ad-Hoc|iPhoneSimulator
		{E6F3EE20-2014-409A-80BF-B38BB560E8FB}.Ad-Hoc|Mixed Platforms.ActiveCfg = Ad-Hoc|iPhone
		{E6F3EE20-2014-409A-80BF-B38BB560E8FB}.Ad-Hoc|Mixed Platforms.Build.0 = Ad-Hoc|iPhone
		{E6F3EE20-2014-409A-80BF-B38BB560E8FB}.Ad-Hoc|x86.ActiveCfg = Ad-Hoc|iPhone
		{E6F3EE20-2014-409A-80BF-B38BB560E8FB}.AppStore|Any CPU.ActiveCfg = AppStore|iPhone
		{E6F3EE20-2014-409A-80BF-B38BB560E8FB}.AppStore|ARM.ActiveCfg = AppStore|iPhone
		{E6F3EE20-2014-409A-80BF-B38BB560E8FB}.AppStore|iPhone.ActiveCfg = AppStore|iPhone
		{E6F3EE20-2014-409A-80BF-B38BB560E8FB}.AppStore|iPhone.Build.0 = AppStore|iPhone
		{E6F3EE20-2014-409A-80BF-B38BB560E8FB}.AppStore|iPhoneSimulator.ActiveCfg = AppStore|iPhoneSimulator
		{E6F3EE20-2014-409A-80BF-B38BB560E8FB}.AppStore|iPhoneSimulator.Build.0 = AppStore|iPhoneSimulator
		{E6F3EE20-2014-409A-80BF-B38BB560E8FB}.AppStore|Mixed Platforms.ActiveCfg = AppStore|iPhone
		{E6F3EE20-2014-409A-80BF-B38BB560E8FB}.AppStore|Mixed Platforms.Build.0 = AppStore|iPhone
		{E6F3EE20-2014-409A-80BF-B38BB560E8FB}.AppStore|x86.ActiveCfg = AppStore|iPhone
		{E6F3EE20-2014-409A-80BF-B38BB560E8FB}.Debug|Any CPU.ActiveCfg = Debug|iPhone
		{E6F3EE20-2014-409A-80BF-B38BB560E8FB}.Debug|ARM.ActiveCfg = Debug|iPhone
		{E6F3EE20-2014-409A-80BF-B38BB560E8FB}.Debug|iPhone.ActiveCfg = Debug|iPhone
		{E6F3EE20-2014-409A-80BF-B38BB560E8FB}.Debug|iPhone.Build.0 = Debug|iPhone
		{E6F3EE20-2014-409A-80BF-B38BB560E8FB}.Debug|iPhoneSimulator.ActiveCfg = Debug|iPhoneSimulator
		{E6F3EE20-2014-409A-80BF-B38BB560E8FB}.Debug|iPhoneSimulator.Build.0 = Debug|iPhoneSimulator
		{E6F3EE20-2014-409A-80BF-B38BB560E8FB}.Debug|Mixed Platforms.ActiveCfg = Debug|iPhone
		{E6F3EE20-2014-409A-80BF-B38BB560E8FB}.Debug|Mixed Platforms.Build.0 = Debug|iPhone
		{E6F3EE20-2014-409A-80BF-B38BB560E8FB}.Debug|x86.ActiveCfg = Debug|iPhone
		{E6F3EE20-2014-409A-80BF-B38BB560E8FB}.Release|Any CPU.ActiveCfg = Release|iPhone
		{E6F3EE20-2014-409A-80BF-B38BB560E8FB}.Release|ARM.ActiveCfg = Release|iPhone
		{E6F3EE20-2014-409A-80BF-B38BB560E8FB}.Release|iPhone.ActiveCfg = Release|iPhone
		{E6F3EE20-2014-409A-80BF-B38BB560E8FB}.Release|iPhone.Build.0 = Release|iPhone
		{E6F3EE20-2014-409A-80BF-B38BB560E8FB}.Release|iPhoneSimulator.ActiveCfg = Release|iPhoneSimulator
		{E6F3EE20-2014-409A-80BF-B38BB560E8FB}.Release|iPhoneSimulator.Build.0 = Release|iPhoneSimulator
		{E6F3EE20-2014-409A-80BF-B38BB560E8FB}.Release|Mixed Platforms.ActiveCfg = Release|iPhone
		{E6F3EE20-2014-409A-80BF-B38BB560E8FB}.Release|Mixed Platforms.Build.0 = Release|iPhone
		{E6F3EE20-2014-409A-80BF-B38BB560E8FB}.Release|x86.ActiveCfg = Release|iPhone
		{220DAC67-F6F4-4253-A2B2-1B6CCFA6D16E}.Ad-Hoc|Any CPU.ActiveCfg = Release|Any CPU
		{220DAC67-F6F4-4253-A2B2-1B6CCFA6D16E}.Ad-Hoc|Any CPU.Build.0 = Release|Any CPU
		{220DAC67-F6F4-4253-A2B2-1B6CCFA6D16E}.Ad-Hoc|Any CPU.Deploy.0 = Release|Any CPU
		{220DAC67-F6F4-4253-A2B2-1B6CCFA6D16E}.Ad-Hoc|ARM.ActiveCfg = Release|Any CPU
		{220DAC67-F6F4-4253-A2B2-1B6CCFA6D16E}.Ad-Hoc|iPhone.ActiveCfg = Release|Any CPU
		{220DAC67-F6F4-4253-A2B2-1B6CCFA6D16E}.Ad-Hoc|iPhoneSimulator.ActiveCfg = Release|Any CPU
		{220DAC67-F6F4-4253-A2B2-1B6CCFA6D16E}.Ad-Hoc|Mixed Platforms.ActiveCfg = Release|Any CPU
		{220DAC67-F6F4-4253-A2B2-1B6CCFA6D16E}.Ad-Hoc|Mixed Platforms.Build.0 = Release|Any CPU
		{220DAC67-F6F4-4253-A2B2-1B6CCFA6D16E}.Ad-Hoc|Mixed Platforms.Deploy.0 = Release|Any CPU
		{220DAC67-F6F4-4253-A2B2-1B6CCFA6D16E}.Ad-Hoc|x86.ActiveCfg = Release|Any CPU
		{220DAC67-F6F4-4253-A2B2-1B6CCFA6D16E}.AppStore|Any CPU.ActiveCfg = Release|Any CPU
		{220DAC67-F6F4-4253-A2B2-1B6CCFA6D16E}.AppStore|Any CPU.Build.0 = Release|Any CPU
		{220DAC67-F6F4-4253-A2B2-1B6CCFA6D16E}.AppStore|Any CPU.Deploy.0 = Release|Any CPU
		{220DAC67-F6F4-4253-A2B2-1B6CCFA6D16E}.AppStore|ARM.ActiveCfg = Release|Any CPU
		{220DAC67-F6F4-4253-A2B2-1B6CCFA6D16E}.AppStore|iPhone.ActiveCfg = Release|Any CPU
		{220DAC67-F6F4-4253-A2B2-1B6CCFA6D16E}.AppStore|iPhoneSimulator.ActiveCfg = Release|Any CPU
		{220DAC67-F6F4-4253-A2B2-1B6CCFA6D16E}.AppStore|Mixed Platforms.ActiveCfg = Release|Any CPU
		{220DAC67-F6F4-4253-A2B2-1B6CCFA6D16E}.AppStore|Mixed Platforms.Build.0 = Release|Any CPU
		{220DAC67-F6F4-4253-A2B2-1B6CCFA6D16E}.AppStore|Mixed Platforms.Deploy.0 = Release|Any CPU
		{220DAC67-F6F4-4253-A2B2-1B6CCFA6D16E}.AppStore|x86.ActiveCfg = Release|Any CPU
		{220DAC67-F6F4-4253-A2B2-1B6CCFA6D16E}.Debug|Any CPU.ActiveCfg = Debug|Any CPU
		{220DAC67-F6F4-4253-A2B2-1B6CCFA6D16E}.Debug|Any CPU.Build.0 = Debug|Any CPU
		{220DAC67-F6F4-4253-A2B2-1B6CCFA6D16E}.Debug|Any CPU.Deploy.0 = Debug|Any CPU
		{220DAC67-F6F4-4253-A2B2-1B6CCFA6D16E}.Debug|ARM.ActiveCfg = Debug|Any CPU
		{220DAC67-F6F4-4253-A2B2-1B6CCFA6D16E}.Debug|iPhone.ActiveCfg = Debug|Any CPU
		{220DAC67-F6F4-4253-A2B2-1B6CCFA6D16E}.Debug|iPhoneSimulator.ActiveCfg = Debug|Any CPU
		{220DAC67-F6F4-4253-A2B2-1B6CCFA6D16E}.Debug|Mixed Platforms.ActiveCfg = Debug|Any CPU
		{220DAC67-F6F4-4253-A2B2-1B6CCFA6D16E}.Debug|Mixed Platforms.Build.0 = Debug|Any CPU
		{220DAC67-F6F4-4253-A2B2-1B6CCFA6D16E}.Debug|Mixed Platforms.Deploy.0 = Debug|Any CPU
		{220DAC67-F6F4-4253-A2B2-1B6CCFA6D16E}.Debug|x86.ActiveCfg = Debug|Any CPU
		{220DAC67-F6F4-4253-A2B2-1B6CCFA6D16E}.Release|Any CPU.ActiveCfg = Release|Any CPU
		{220DAC67-F6F4-4253-A2B2-1B6CCFA6D16E}.Release|Any CPU.Build.0 = Release|Any CPU
		{220DAC67-F6F4-4253-A2B2-1B6CCFA6D16E}.Release|Any CPU.Deploy.0 = Release|Any CPU
		{220DAC67-F6F4-4253-A2B2-1B6CCFA6D16E}.Release|ARM.ActiveCfg = Release|Any CPU
		{220DAC67-F6F4-4253-A2B2-1B6CCFA6D16E}.Release|iPhone.ActiveCfg = Release|Any CPU
		{220DAC67-F6F4-4253-A2B2-1B6CCFA6D16E}.Release|iPhoneSimulator.ActiveCfg = Release|Any CPU
		{220DAC67-F6F4-4253-A2B2-1B6CCFA6D16E}.Release|Mixed Platforms.ActiveCfg = Release|Any CPU
		{220DAC67-F6F4-4253-A2B2-1B6CCFA6D16E}.Release|Mixed Platforms.Build.0 = Release|Any CPU
		{220DAC67-F6F4-4253-A2B2-1B6CCFA6D16E}.Release|Mixed Platforms.Deploy.0 = Release|Any CPU
		{220DAC67-F6F4-4253-A2B2-1B6CCFA6D16E}.Release|x86.ActiveCfg = Release|Any CPU
		{C3AED394-8CD6-4A72-8E7C-1D6F2CA29FAF}.Ad-Hoc|Any CPU.ActiveCfg = Release|Any CPU
		{C3AED394-8CD6-4A72-8E7C-1D6F2CA29FAF}.Ad-Hoc|Any CPU.Build.0 = Release|Any CPU
		{C3AED394-8CD6-4A72-8E7C-1D6F2CA29FAF}.Ad-Hoc|Any CPU.Deploy.0 = Release|Any CPU
		{C3AED394-8CD6-4A72-8E7C-1D6F2CA29FAF}.Ad-Hoc|ARM.ActiveCfg = Release|ARM
		{C3AED394-8CD6-4A72-8E7C-1D6F2CA29FAF}.Ad-Hoc|ARM.Build.0 = Release|ARM
		{C3AED394-8CD6-4A72-8E7C-1D6F2CA29FAF}.Ad-Hoc|ARM.Deploy.0 = Release|ARM
		{C3AED394-8CD6-4A72-8E7C-1D6F2CA29FAF}.Ad-Hoc|iPhone.ActiveCfg = Release|Any CPU
		{C3AED394-8CD6-4A72-8E7C-1D6F2CA29FAF}.Ad-Hoc|iPhoneSimulator.ActiveCfg = Release|Any CPU
		{C3AED394-8CD6-4A72-8E7C-1D6F2CA29FAF}.Ad-Hoc|Mixed Platforms.ActiveCfg = Release|x86
		{C3AED394-8CD6-4A72-8E7C-1D6F2CA29FAF}.Ad-Hoc|Mixed Platforms.Build.0 = Release|x86
		{C3AED394-8CD6-4A72-8E7C-1D6F2CA29FAF}.Ad-Hoc|Mixed Platforms.Deploy.0 = Release|x86
		{C3AED394-8CD6-4A72-8E7C-1D6F2CA29FAF}.Ad-Hoc|x86.ActiveCfg = Release|x86
		{C3AED394-8CD6-4A72-8E7C-1D6F2CA29FAF}.Ad-Hoc|x86.Build.0 = Release|x86
		{C3AED394-8CD6-4A72-8E7C-1D6F2CA29FAF}.Ad-Hoc|x86.Deploy.0 = Release|x86
		{C3AED394-8CD6-4A72-8E7C-1D6F2CA29FAF}.AppStore|Any CPU.ActiveCfg = Release|Any CPU
		{C3AED394-8CD6-4A72-8E7C-1D6F2CA29FAF}.AppStore|Any CPU.Build.0 = Release|Any CPU
		{C3AED394-8CD6-4A72-8E7C-1D6F2CA29FAF}.AppStore|Any CPU.Deploy.0 = Release|Any CPU
		{C3AED394-8CD6-4A72-8E7C-1D6F2CA29FAF}.AppStore|ARM.ActiveCfg = Release|ARM
		{C3AED394-8CD6-4A72-8E7C-1D6F2CA29FAF}.AppStore|ARM.Build.0 = Release|ARM
		{C3AED394-8CD6-4A72-8E7C-1D6F2CA29FAF}.AppStore|ARM.Deploy.0 = Release|ARM
		{C3AED394-8CD6-4A72-8E7C-1D6F2CA29FAF}.AppStore|iPhone.ActiveCfg = Release|Any CPU
		{C3AED394-8CD6-4A72-8E7C-1D6F2CA29FAF}.AppStore|iPhoneSimulator.ActiveCfg = Release|Any CPU
		{C3AED394-8CD6-4A72-8E7C-1D6F2CA29FAF}.AppStore|Mixed Platforms.ActiveCfg = Release|x86
		{C3AED394-8CD6-4A72-8E7C-1D6F2CA29FAF}.AppStore|Mixed Platforms.Build.0 = Release|x86
		{C3AED394-8CD6-4A72-8E7C-1D6F2CA29FAF}.AppStore|Mixed Platforms.Deploy.0 = Release|x86
		{C3AED394-8CD6-4A72-8E7C-1D6F2CA29FAF}.AppStore|x86.ActiveCfg = Release|x86
		{C3AED394-8CD6-4A72-8E7C-1D6F2CA29FAF}.AppStore|x86.Build.0 = Release|x86
		{C3AED394-8CD6-4A72-8E7C-1D6F2CA29FAF}.AppStore|x86.Deploy.0 = Release|x86
		{C3AED394-8CD6-4A72-8E7C-1D6F2CA29FAF}.Debug|Any CPU.ActiveCfg = Debug|Any CPU
		{C3AED394-8CD6-4A72-8E7C-1D6F2CA29FAF}.Debug|Any CPU.Build.0 = Debug|Any CPU
		{C3AED394-8CD6-4A72-8E7C-1D6F2CA29FAF}.Debug|Any CPU.Deploy.0 = Debug|Any CPU
		{C3AED394-8CD6-4A72-8E7C-1D6F2CA29FAF}.Debug|ARM.ActiveCfg = Debug|ARM
		{C3AED394-8CD6-4A72-8E7C-1D6F2CA29FAF}.Debug|ARM.Build.0 = Debug|ARM
		{C3AED394-8CD6-4A72-8E7C-1D6F2CA29FAF}.Debug|ARM.Deploy.0 = Debug|ARM
		{C3AED394-8CD6-4A72-8E7C-1D6F2CA29FAF}.Debug|iPhone.ActiveCfg = Debug|Any CPU
		{C3AED394-8CD6-4A72-8E7C-1D6F2CA29FAF}.Debug|iPhoneSimulator.ActiveCfg = Debug|Any CPU
		{C3AED394-8CD6-4A72-8E7C-1D6F2CA29FAF}.Debug|Mixed Platforms.ActiveCfg = Debug|x86
		{C3AED394-8CD6-4A72-8E7C-1D6F2CA29FAF}.Debug|Mixed Platforms.Build.0 = Debug|x86
		{C3AED394-8CD6-4A72-8E7C-1D6F2CA29FAF}.Debug|Mixed Platforms.Deploy.0 = Debug|x86
		{C3AED394-8CD6-4A72-8E7C-1D6F2CA29FAF}.Debug|x86.ActiveCfg = Debug|x86
		{C3AED394-8CD6-4A72-8E7C-1D6F2CA29FAF}.Debug|x86.Build.0 = Debug|x86
		{C3AED394-8CD6-4A72-8E7C-1D6F2CA29FAF}.Debug|x86.Deploy.0 = Debug|x86
		{C3AED394-8CD6-4A72-8E7C-1D6F2CA29FAF}.Release|Any CPU.ActiveCfg = Release|Any CPU
		{C3AED394-8CD6-4A72-8E7C-1D6F2CA29FAF}.Release|Any CPU.Build.0 = Release|Any CPU
		{C3AED394-8CD6-4A72-8E7C-1D6F2CA29FAF}.Release|Any CPU.Deploy.0 = Release|Any CPU
		{C3AED394-8CD6-4A72-8E7C-1D6F2CA29FAF}.Release|ARM.ActiveCfg = Release|ARM
		{C3AED394-8CD6-4A72-8E7C-1D6F2CA29FAF}.Release|ARM.Build.0 = Release|ARM
		{C3AED394-8CD6-4A72-8E7C-1D6F2CA29FAF}.Release|ARM.Deploy.0 = Release|ARM
		{C3AED394-8CD6-4A72-8E7C-1D6F2CA29FAF}.Release|iPhone.ActiveCfg = Release|Any CPU
		{C3AED394-8CD6-4A72-8E7C-1D6F2CA29FAF}.Release|iPhoneSimulator.ActiveCfg = Release|Any CPU
		{C3AED394-8CD6-4A72-8E7C-1D6F2CA29FAF}.Release|Mixed Platforms.ActiveCfg = Release|x86
		{C3AED394-8CD6-4A72-8E7C-1D6F2CA29FAF}.Release|Mixed Platforms.Build.0 = Release|x86
		{C3AED394-8CD6-4A72-8E7C-1D6F2CA29FAF}.Release|Mixed Platforms.Deploy.0 = Release|x86
		{C3AED394-8CD6-4A72-8E7C-1D6F2CA29FAF}.Release|x86.ActiveCfg = Release|x86
		{C3AED394-8CD6-4A72-8E7C-1D6F2CA29FAF}.Release|x86.Build.0 = Release|x86
		{C3AED394-8CD6-4A72-8E7C-1D6F2CA29FAF}.Release|x86.Deploy.0 = Release|x86
	EndGlobalSection
	GlobalSection(SolutionProperties) = preSolution
		HideSolutionNode = FALSE
	EndGlobalSection
	GlobalSection(MonoDevelopProperties) = preSolution
		StartupItem = HelloWord.iOS\HelloWord.iOS.csproj
	EndGlobalSection
EndGlobal
