
Microsoft Visual Studio Solution File, Format Version 12.00
# Visual Studio 2013
VisualStudioVersion = 12.0.30723.0
MinimumVisualStudioVersion = 10.0.40219.1
Project("{FAE04EC0-301F-11D3-BF4B-00C04F79EFBC}") = "HelloWord", "HelloWord\HelloWord.csproj", "{33C7108F-E804-43AE-8C53-4CB0A3A6F254}"
EndProject
Project("{FAE04EC0-301F-11D3-BF4B-00C04F79EFBC}") = "HelloWord.iOS", "HelloWord.iOS\HelloWord.iOS.csproj", "{59437187-C29D-4DF1-8179-9781369F075C}"
EndProject
Project("{2150E333-8FDC-42A3-9474-1A3956D46DE8}") = "Solution Items", "Solution Items", "{3C7A5230-192F-4711-B36C-115F3999FB3C}"
	ProjectSection(SolutionItems) = preProject
		.gitignore = .gitignore
	EndProjectSection
EndProject
Project("{FAE04EC0-301F-11D3-BF4B-00C04F79EFBC}") = "HelloWord.Droid", "HelloWord.Droid\HelloWord.Droid.csproj", "{1F664DAC-7603-4230-ADA0-6CADB56CBE98}"
EndProject
Project("{FAE04EC0-301F-11D3-BF4B-00C04F79EFBC}") = "HelloWord.WP", "HelloWord.WP\HelloWord.WP.csproj", "{18065A67-DF6E-47DF-8C94-D3A3159BACC0}"
EndProject
Global
	GlobalSection(SolutionConfigurationPlatforms) = preSolution
		Ad-Hoc|Any CPU = Ad-Hoc|Any CPU
		Ad-Hoc|ARM = Ad-Hoc|ARM
		Ad-Hoc|iPhone = Ad-Hoc|iPhone
		Ad-Hoc|iPhoneSimulator = Ad-Hoc|iPhoneSimulator
		Ad-Hoc|Mixed Platforms = Ad-Hoc|Mixed Platforms
		Ad-Hoc|x86 = Ad-Hoc|x86
		AppStore|Any CPU = AppStore|Any CPU
		AppStore|ARM = AppStore|ARM
		AppStore|iPhone = AppStore|iPhone
		AppStore|iPhoneSimulator = AppStore|iPhoneSimulator
		AppStore|Mixed Platforms = AppStore|Mixed Platforms
		AppStore|x86 = AppStore|x86
		Debug|Any CPU = Debug|Any CPU
		Debug|ARM = Debug|ARM
		Debug|iPhone = Debug|iPhone
		Debug|iPhoneSimulator = Debug|iPhoneSimulator
		Debug|Mixed Platforms = Debug|Mixed Platforms
		Debug|x86 = Debug|x86
		Release|Any CPU = Release|Any CPU
		Release|ARM = Release|ARM
		Release|iPhone = Release|iPhone
		Release|iPhoneSimulator = Release|iPhoneSimulator
		Release|Mixed Platforms = Release|Mixed Platforms
		Release|x86 = Release|x86
	EndGlobalSection
	GlobalSection(ProjectConfigurationPlatforms) = postSolution
		{33C7108F-E804-43AE-8C53-4CB0A3A6F254}.Ad-Hoc|Any CPU.ActiveCfg = Release|Any CPU
		{33C7108F-E804-43AE-8C53-4CB0A3A6F254}.Ad-Hoc|Any CPU.Build.0 = Release|Any CPU
		{33C7108F-E804-43AE-8C53-4CB0A3A6F254}.Ad-Hoc|ARM.ActiveCfg = Debug|Any CPU
		{33C7108F-E804-43AE-8C53-4CB0A3A6F254}.Ad-Hoc|iPhone.ActiveCfg = Release|Any CPU
		{33C7108F-E804-43AE-8C53-4CB0A3A6F254}.Ad-Hoc|iPhoneSimulator.ActiveCfg = Release|Any CPU
		{33C7108F-E804-43AE-8C53-4CB0A3A6F254}.Ad-Hoc|Mixed Platforms.ActiveCfg = Release|Any CPU
		{33C7108F-E804-43AE-8C53-4CB0A3A6F254}.Ad-Hoc|Mixed Platforms.Build.0 = Release|Any CPU
		{33C7108F-E804-43AE-8C53-4CB0A3A6F254}.Ad-Hoc|x86.ActiveCfg = Debug|Any CPU
		{33C7108F-E804-43AE-8C53-4CB0A3A6F254}.AppStore|Any CPU.ActiveCfg = Release|Any CPU
		{33C7108F-E804-43AE-8C53-4CB0A3A6F254}.AppStore|Any CPU.Build.0 = Release|Any CPU
		{33C7108F-E804-43AE-8C53-4CB0A3A6F254}.AppStore|ARM.ActiveCfg = Debug|Any CPU
		{33C7108F-E804-43AE-8C53-4CB0A3A6F254}.AppStore|iPhone.ActiveCfg = Release|Any CPU
		{33C7108F-E804-43AE-8C53-4CB0A3A6F254}.AppStore|iPhoneSimulator.ActiveCfg = Release|Any CPU
		{33C7108F-E804-43AE-8C53-4CB0A3A6F254}.AppStore|Mixed Platforms.ActiveCfg = Release|Any CPU
		{33C7108F-E804-43AE-8C53-4CB0A3A6F254}.AppStore|Mixed Platforms.Build.0 = Release|Any CPU
		{33C7108F-E804-43AE-8C53-4CB0A3A6F254}.AppStore|x86.ActiveCfg = Debug|Any CPU
		{33C7108F-E804-43AE-8C53-4CB0A3A6F254}.Debug|Any CPU.ActiveCfg = Debug|Any CPU
		{33C7108F-E804-43AE-8C53-4CB0A3A6F254}.Debug|Any CPU.Build.0 = Debug|Any CPU
		{33C7108F-E804-43AE-8C53-4CB0A3A6F254}.Debug|ARM.ActiveCfg = Debug|Any CPU
		{33C7108F-E804-43AE-8C53-4CB0A3A6F254}.Debug|iPhone.ActiveCfg = Debug|Any CPU
		{33C7108F-E804-43AE-8C53-4CB0A3A6F254}.Debug|iPhoneSimulator.ActiveCfg = Debug|Any CPU
		{33C7108F-E804-43AE-8C53-4CB0A3A6F254}.Debug|Mixed Platforms.ActiveCfg = Debug|Any CPU
		{33C7108F-E804-43AE-8C53-4CB0A3A6F254}.Debug|Mixed Platforms.Build.0 = Debug|Any CPU
		{33C7108F-E804-43AE-8C53-4CB0A3A6F254}.Debug|x86.ActiveCfg = Debug|Any CPU
		{33C7108F-E804-43AE-8C53-4CB0A3A6F254}.Release|Any CPU.ActiveCfg = Release|Any CPU
		{33C7108F-E804-43AE-8C53-4CB0A3A6F254}.Release|Any CPU.Build.0 = Release|Any CPU
		{33C7108F-E804-43AE-8C53-4CB0A3A6F254}.Release|ARM.ActiveCfg = Release|Any CPU
		{33C7108F-E804-43AE-8C53-4CB0A3A6F254}.Release|iPhone.ActiveCfg = Release|Any CPU
		{33C7108F-E804-43AE-8C53-4CB0A3A6F254}.Release|iPhoneSimulator.ActiveCfg = Release|Any CPU
		{33C7108F-E804-43AE-8C53-4CB0A3A6F254}.Release|Mixed Platforms.ActiveCfg = Release|Any CPU
		{33C7108F-E804-43AE-8C53-4CB0A3A6F254}.Release|Mixed Platforms.Build.0 = Release|Any CPU
		{33C7108F-E804-43AE-8C53-4CB0A3A6F254}.Release|x86.ActiveCfg = Release|Any CPU
		{59437187-C29D-4DF1-8179-9781369F075C}.Ad-Hoc|Any CPU.ActiveCfg = Ad-Hoc|iPhone
		{59437187-C29D-4DF1-8179-9781369F075C}.Ad-Hoc|ARM.ActiveCfg = Ad-Hoc|iPhoneSimulator
		{59437187-C29D-4DF1-8179-9781369F075C}.Ad-Hoc|iPhone.ActiveCfg = Ad-Hoc|iPhone
		{59437187-C29D-4DF1-8179-9781369F075C}.Ad-Hoc|iPhone.Build.0 = Ad-Hoc|iPhone
		{59437187-C29D-4DF1-8179-9781369F075C}.Ad-Hoc|iPhoneSimulator.ActiveCfg = Ad-Hoc|iPhoneSimulator
		{59437187-C29D-4DF1-8179-9781369F075C}.Ad-Hoc|iPhoneSimulator.Build.0 = Ad-Hoc|iPhoneSimulator
		{59437187-C29D-4DF1-8179-9781369F075C}.Ad-Hoc|Mixed Platforms.ActiveCfg = Ad-Hoc|iPhone
		{59437187-C29D-4DF1-8179-9781369F075C}.Ad-Hoc|Mixed Platforms.Build.0 = Ad-Hoc|iPhone
		{59437187-C29D-4DF1-8179-9781369F075C}.Ad-Hoc|x86.ActiveCfg = Ad-Hoc|iPhoneSimulator
		{59437187-C29D-4DF1-8179-9781369F075C}.AppStore|Any CPU.ActiveCfg = AppStore|iPhone
		{59437187-C29D-4DF1-8179-9781369F075C}.AppStore|ARM.ActiveCfg = AppStore|iPhoneSimulator
		{59437187-C29D-4DF1-8179-9781369F075C}.AppStore|iPhone.ActiveCfg = AppStore|iPhone
		{59437187-C29D-4DF1-8179-9781369F075C}.AppStore|iPhone.Build.0 = AppStore|iPhone
		{59437187-C29D-4DF1-8179-9781369F075C}.AppStore|iPhoneSimulator.ActiveCfg = AppStore|iPhoneSimulator
		{59437187-C29D-4DF1-8179-9781369F075C}.AppStore|iPhoneSimulator.Build.0 = AppStore|iPhoneSimulator
		{59437187-C29D-4DF1-8179-9781369F075C}.AppStore|Mixed Platforms.ActiveCfg = AppStore|iPhone
		{59437187-C29D-4DF1-8179-9781369F075C}.AppStore|Mixed Platforms.Build.0 = AppStore|iPhone
		{59437187-C29D-4DF1-8179-9781369F075C}.AppStore|x86.ActiveCfg = AppStore|iPhoneSimulator
		{59437187-C29D-4DF1-8179-9781369F075C}.Debug|Any CPU.ActiveCfg = Debug|iPhone
		{59437187-C29D-4DF1-8179-9781369F075C}.Debug|ARM.ActiveCfg = Debug|iPhoneSimulator
		{59437187-C29D-4DF1-8179-9781369F075C}.Debug|iPhone.ActiveCfg = Debug|iPhone
		{59437187-C29D-4DF1-8179-9781369F075C}.Debug|iPhone.Build.0 = Debug|iPhone
		{59437187-C29D-4DF1-8179-9781369F075C}.Debug|iPhoneSimulator.ActiveCfg = Debug|iPhoneSimulator
		{59437187-C29D-4DF1-8179-9781369F075C}.Debug|iPhoneSimulator.Build.0 = Debug|iPhoneSimulator
		{59437187-C29D-4DF1-8179-9781369F075C}.Debug|Mixed Platforms.ActiveCfg = Debug|iPhone
		{59437187-C29D-4DF1-8179-9781369F075C}.Debug|Mixed Platforms.Build.0 = Debug|iPhone
		{59437187-C29D-4DF1-8179-9781369F075C}.Debug|x86.ActiveCfg = Debug|iPhoneSimulator
		{59437187-C29D-4DF1-8179-9781369F075C}.Release|Any CPU.ActiveCfg = Release|iPhone
		{59437187-C29D-4DF1-8179-9781369F075C}.Release|ARM.ActiveCfg = Release|iPhoneSimulator
		{59437187-C29D-4DF1-8179-9781369F075C}.Release|iPhone.ActiveCfg = Release|iPhone
		{59437187-C29D-4DF1-8179-9781369F075C}.Release|iPhone.Build.0 = Release|iPhone
		{59437187-C29D-4DF1-8179-9781369F075C}.Release|iPhoneSimulator.ActiveCfg = Release|iPhoneSimulator
		{59437187-C29D-4DF1-8179-9781369F075C}.Release|iPhoneSimulator.Build.0 = Release|iPhoneSimulator
		{59437187-C29D-4DF1-8179-9781369F075C}.Release|Mixed Platforms.ActiveCfg = Release|iPhone
		{59437187-C29D-4DF1-8179-9781369F075C}.Release|Mixed Platforms.Build.0 = Release|iPhone
		{59437187-C29D-4DF1-8179-9781369F075C}.Release|x86.ActiveCfg = Release|iPhoneSimulator
		{1F664DAC-7603-4230-ADA0-6CADB56CBE98}.Ad-Hoc|Any CPU.ActiveCfg = Release|Any CPU
		{1F664DAC-7603-4230-ADA0-6CADB56CBE98}.Ad-Hoc|Any CPU.Build.0 = Release|Any CPU
		{1F664DAC-7603-4230-ADA0-6CADB56CBE98}.Ad-Hoc|Any CPU.Deploy.0 = Release|Any CPU
		{1F664DAC-7603-4230-ADA0-6CADB56CBE98}.Ad-Hoc|ARM.ActiveCfg = Debug|Any CPU
		{1F664DAC-7603-4230-ADA0-6CADB56CBE98}.Ad-Hoc|iPhone.ActiveCfg = Release|Any CPU
		{1F664DAC-7603-4230-ADA0-6CADB56CBE98}.Ad-Hoc|iPhoneSimulator.ActiveCfg = Release|Any CPU
		{1F664DAC-7603-4230-ADA0-6CADB56CBE98}.Ad-Hoc|Mixed Platforms.ActiveCfg = Release|Any CPU
		{1F664DAC-7603-4230-ADA0-6CADB56CBE98}.Ad-Hoc|Mixed Platforms.Build.0 = Release|Any CPU
		{1F664DAC-7603-4230-ADA0-6CADB56CBE98}.Ad-Hoc|Mixed Platforms.Deploy.0 = Release|Any CPU
		{1F664DAC-7603-4230-ADA0-6CADB56CBE98}.Ad-Hoc|x86.ActiveCfg = Debug|Any CPU
		{1F664DAC-7603-4230-ADA0-6CADB56CBE98}.AppStore|Any CPU.ActiveCfg = Release|Any CPU
		{1F664DAC-7603-4230-ADA0-6CADB56CBE98}.AppStore|Any CPU.Build.0 = Release|Any CPU
		{1F664DAC-7603-4230-ADA0-6CADB56CBE98}.AppStore|Any CPU.Deploy.0 = Release|Any CPU
		{1F664DAC-7603-4230-ADA0-6CADB56CBE98}.AppStore|ARM.ActiveCfg = Debug|Any CPU
		{1F664DAC-7603-4230-ADA0-6CADB56CBE98}.AppStore|iPhone.ActiveCfg = Release|Any CPU
		{1F664DAC-7603-4230-ADA0-6CADB56CBE98}.AppStore|iPhoneSimulator.ActiveCfg = Release|Any CPU
		{1F664DAC-7603-4230-ADA0-6CADB56CBE98}.AppStore|Mixed Platforms.ActiveCfg = Release|Any CPU
		{1F664DAC-7603-4230-ADA0-6CADB56CBE98}.AppStore|Mixed Platforms.Build.0 = Release|Any CPU
		{1F664DAC-7603-4230-ADA0-6CADB56CBE98}.AppStore|Mixed Platforms.Deploy.0 = Release|Any CPU
		{1F664DAC-7603-4230-ADA0-6CADB56CBE98}.AppStore|x86.ActiveCfg = Debug|Any CPU
		{1F664DAC-7603-4230-ADA0-6CADB56CBE98}.Debug|Any CPU.ActiveCfg = Debug|Any CPU
		{1F664DAC-7603-4230-ADA0-6CADB56CBE98}.Debug|Any CPU.Build.0 = Debug|Any CPU
		{1F664DAC-7603-4230-ADA0-6CADB56CBE98}.Debug|Any CPU.Deploy.0 = Debug|Any CPU
		{1F664DAC-7603-4230-ADA0-6CADB56CBE98}.Debug|ARM.ActiveCfg = Debug|Any CPU
		{1F664DAC-7603-4230-ADA0-6CADB56CBE98}.Debug|iPhone.ActiveCfg = Debug|Any CPU
		{1F664DAC-7603-4230-ADA0-6CADB56CBE98}.Debug|iPhoneSimulator.ActiveCfg = Debug|Any CPU
		{1F664DAC-7603-4230-ADA0-6CADB56CBE98}.Debug|Mixed Platforms.ActiveCfg = Debug|Any CPU
		{1F664DAC-7603-4230-ADA0-6CADB56CBE98}.Debug|Mixed Platforms.Build.0 = Debug|Any CPU
		{1F664DAC-7603-4230-ADA0-6CADB56CBE98}.Debug|Mixed Platforms.Deploy.0 = Debug|Any CPU
		{1F664DAC-7603-4230-ADA0-6CADB56CBE98}.Debug|x86.ActiveCfg = Debug|Any CPU
		{1F664DAC-7603-4230-ADA0-6CADB56CBE98}.Release|Any CPU.ActiveCfg = Release|Any CPU
		{1F664DAC-7603-4230-ADA0-6CADB56CBE98}.Release|Any CPU.Build.0 = Release|Any CPU
		{1F664DAC-7603-4230-ADA0-6CADB56CBE98}.Release|Any CPU.Deploy.0 = Release|Any CPU
		{1F664DAC-7603-4230-ADA0-6CADB56CBE98}.Release|ARM.ActiveCfg = Release|Any CPU
		{1F664DAC-7603-4230-ADA0-6CADB56CBE98}.Release|iPhone.ActiveCfg = Release|Any CPU
		{1F664DAC-7603-4230-ADA0-6CADB56CBE98}.Release|iPhoneSimulator.ActiveCfg = Release|Any CPU
		{1F664DAC-7603-4230-ADA0-6CADB56CBE98}.Release|Mixed Platforms.ActiveCfg = Release|Any CPU
		{1F664DAC-7603-4230-ADA0-6CADB56CBE98}.Release|Mixed Platforms.Build.0 = Release|Any CPU
		{1F664DAC-7603-4230-ADA0-6CADB56CBE98}.Release|Mixed Platforms.Deploy.0 = Release|Any CPU
		{1F664DAC-7603-4230-ADA0-6CADB56CBE98}.Release|x86.ActiveCfg = Release|Any CPU
		{18065A67-DF6E-47DF-8C94-D3A3159BACC0}.Ad-Hoc|Any CPU.ActiveCfg = Release|Any CPU
		{18065A67-DF6E-47DF-8C94-D3A3159BACC0}.Ad-Hoc|Any CPU.Build.0 = Release|Any CPU
		{18065A67-DF6E-47DF-8C94-D3A3159BACC0}.Ad-Hoc|Any CPU.Deploy.0 = Release|Any CPU
		{18065A67-DF6E-47DF-8C94-D3A3159BACC0}.Ad-Hoc|ARM.ActiveCfg = Release|ARM
		{18065A67-DF6E-47DF-8C94-D3A3159BACC0}.Ad-Hoc|ARM.Build.0 = Release|ARM
		{18065A67-DF6E-47DF-8C94-D3A3159BACC0}.Ad-Hoc|ARM.Deploy.0 = Release|ARM
		{18065A67-DF6E-47DF-8C94-D3A3159BACC0}.Ad-Hoc|iPhone.ActiveCfg = Release|Any CPU
		{18065A67-DF6E-47DF-8C94-D3A3159BACC0}.Ad-Hoc|iPhoneSimulator.ActiveCfg = Release|Any CPU
		{18065A67-DF6E-47DF-8C94-D3A3159BACC0}.Ad-Hoc|Mixed Platforms.ActiveCfg = Release|x86
		{18065A67-DF6E-47DF-8C94-D3A3159BACC0}.Ad-Hoc|Mixed Platforms.Build.0 = Release|x86
		{18065A67-DF6E-47DF-8C94-D3A3159BACC0}.Ad-Hoc|Mixed Platforms.Deploy.0 = Release|x86
		{18065A67-DF6E-47DF-8C94-D3A3159BACC0}.Ad-Hoc|x86.ActiveCfg = Release|x86
		{18065A67-DF6E-47DF-8C94-D3A3159BACC0}.Ad-Hoc|x86.Build.0 = Release|x86
		{18065A67-DF6E-47DF-8C94-D3A3159BACC0}.Ad-Hoc|x86.Deploy.0 = Release|x86
		{18065A67-DF6E-47DF-8C94-D3A3159BACC0}.AppStore|Any CPU.ActiveCfg = Release|Any CPU
		{18065A67-DF6E-47DF-8C94-D3A3159BACC0}.AppStore|Any CPU.Build.0 = Release|Any CPU
		{18065A67-DF6E-47DF-8C94-D3A3159BACC0}.AppStore|Any CPU.Deploy.0 = Release|Any CPU
		{18065A67-DF6E-47DF-8C94-D3A3159BACC0}.AppStore|ARM.ActiveCfg = Release|ARM
		{18065A67-DF6E-47DF-8C94-D3A3159BACC0}.AppStore|ARM.Build.0 = Release|ARM
		{18065A67-DF6E-47DF-8C94-D3A3159BACC0}.AppStore|ARM.Deploy.0 = Release|ARM
		{18065A67-DF6E-47DF-8C94-D3A3159BACC0}.AppStore|iPhone.ActiveCfg = Release|Any CPU
		{18065A67-DF6E-47DF-8C94-D3A3159BACC0}.AppStore|iPhoneSimulator.ActiveCfg = Release|Any CPU
		{18065A67-DF6E-47DF-8C94-D3A3159BACC0}.AppStore|Mixed Platforms.ActiveCfg = Release|x86
		{18065A67-DF6E-47DF-8C94-D3A3159BACC0}.AppStore|Mixed Platforms.Build.0 = Release|x86
		{18065A67-DF6E-47DF-8C94-D3A3159BACC0}.AppStore|Mixed Platforms.Deploy.0 = Release|x86
		{18065A67-DF6E-47DF-8C94-D3A3159BACC0}.AppStore|x86.ActiveCfg = Release|x86
		{18065A67-DF6E-47DF-8C94-D3A3159BACC0}.AppStore|x86.Build.0 = Release|x86
		{18065A67-DF6E-47DF-8C94-D3A3159BACC0}.AppStore|x86.Deploy.0 = Release|x86
		{18065A67-DF6E-47DF-8C94-D3A3159BACC0}.Debug|Any CPU.ActiveCfg = Debug|Any CPU
		{18065A67-DF6E-47DF-8C94-D3A3159BACC0}.Debug|Any CPU.Build.0 = Debug|Any CPU
		{18065A67-DF6E-47DF-8C94-D3A3159BACC0}.Debug|Any CPU.Deploy.0 = Debug|Any CPU
		{18065A67-DF6E-47DF-8C94-D3A3159BACC0}.Debug|ARM.ActiveCfg = Debug|ARM
		{18065A67-DF6E-47DF-8C94-D3A3159BACC0}.Debug|ARM.Build.0 = Debug|ARM
		{18065A67-DF6E-47DF-8C94-D3A3159BACC0}.Debug|ARM.Deploy.0 = Debug|ARM
		{18065A67-DF6E-47DF-8C94-D3A3159BACC0}.Debug|iPhone.ActiveCfg = Debug|Any CPU
		{18065A67-DF6E-47DF-8C94-D3A3159BACC0}.Debug|iPhoneSimulator.ActiveCfg = Debug|Any CPU
		{18065A67-DF6E-47DF-8C94-D3A3159BACC0}.Debug|Mixed Platforms.ActiveCfg = Debug|x86
		{18065A67-DF6E-47DF-8C94-D3A3159BACC0}.Debug|Mixed Platforms.Build.0 = Debug|x86
		{18065A67-DF6E-47DF-8C94-D3A3159BACC0}.Debug|Mixed Platforms.Deploy.0 = Debug|x86
		{18065A67-DF6E-47DF-8C94-D3A3159BACC0}.Debug|x86.ActiveCfg = Debug|x86
		{18065A67-DF6E-47DF-8C94-D3A3159BACC0}.Debug|x86.Build.0 = Debug|x86
		{18065A67-DF6E-47DF-8C94-D3A3159BACC0}.Debug|x86.Deploy.0 = Debug|x86
		{18065A67-DF6E-47DF-8C94-D3A3159BACC0}.Release|Any CPU.ActiveCfg = Release|Any CPU
		{18065A67-DF6E-47DF-8C94-D3A3159BACC0}.Release|Any CPU.Build.0 = Release|Any CPU
		{18065A67-DF6E-47DF-8C94-D3A3159BACC0}.Release|Any CPU.Deploy.0 = Release|Any CPU
		{18065A67-DF6E-47DF-8C94-D3A3159BACC0}.Release|ARM.ActiveCfg = Release|ARM
		{18065A67-DF6E-47DF-8C94-D3A3159BACC0}.Release|ARM.Build.0 = Release|ARM
		{18065A67-DF6E-47DF-8C94-D3A3159BACC0}.Release|ARM.Deploy.0 = Release|ARM
		{18065A67-DF6E-47DF-8C94-D3A3159BACC0}.Release|iPhone.ActiveCfg = Release|Any CPU
		{18065A67-DF6E-47DF-8C94-D3A3159BACC0}.Release|iPhoneSimulator.ActiveCfg = Release|Any CPU
		{18065A67-DF6E-47DF-8C94-D3A3159BACC0}.Release|Mixed Platforms.ActiveCfg = Release|x86
		{18065A67-DF6E-47DF-8C94-D3A3159BACC0}.Release|Mixed Platforms.Build.0 = Release|x86
		{18065A67-DF6E-47DF-8C94-D3A3159BACC0}.Release|Mixed Platforms.Deploy.0 = Release|x86
		{18065A67-DF6E-47DF-8C94-D3A3159BACC0}.Release|x86.ActiveCfg = Release|x86
		{18065A67-DF6E-47DF-8C94-D3A3159BACC0}.Release|x86.Build.0 = Release|x86
		{18065A67-DF6E-47DF-8C94-D3A3159BACC0}.Release|x86.Deploy.0 = Release|x86
	EndGlobalSection
	GlobalSection(SolutionProperties) = preSolution
		HideSolutionNode = FALSE
	EndGlobalSection
	GlobalSection(MonoDevelopProperties) = preSolution
		StartupItem = HelloWord.iOS\HelloWord.iOS.csproj
	EndGlobalSection
EndGlobal
